
Microsoft Visual Studio Solution File, Format Version 12.00
# Visual Studio 2012
Project("{FAE04EC0-301F-11D3-BF4B-00C04F79EFBC}") = "WebApi", "WebApi\WebApi.csproj", "{BF335C33-3281-4DD6-9673-7BCD04BDE7CA}"
EndProject
Project("{FAE04EC0-301F-11D3-BF4B-00C04F79EFBC}") = "DataAccess", "DataAccess\DataAccess.csproj", "{E18AF15B-3624-4435-86AD-F2D909798102}"
EndProject
Project("{F2A71F9B-5D33-465A-A702-920D77279786}") = "Engine", "Engine\Engine.fsproj", "{825006C5-400B-4B62-BDE4-C921B160B571}"
EndProject
Project("{2150E333-8FDC-42A3-9474-1A3956D46DE8}") = "Tests", "Tests", "{925EF463-A330-4BD8-BBE6-F8EB78057465}"
EndProject
Project("{F2A71F9B-5D33-465A-A702-920D77279786}") = "UnitTests.FSharp", "UnitTests.FSharp\UnitTests.FSharp.fsproj", "{97EE18F1-012A-4E98-A1FC-A5FE3B18BF60}"
EndProject
Global
	GlobalSection(SolutionConfigurationPlatforms) = preSolution
		Debug|Any CPU = Debug|Any CPU
		Release|Any CPU = Release|Any CPU
	EndGlobalSection
	GlobalSection(ProjectConfigurationPlatforms) = postSolution
		{BF335C33-3281-4DD6-9673-7BCD04BDE7CA}.Debug|Any CPU.ActiveCfg = Debug|Any CPU
		{BF335C33-3281-4DD6-9673-7BCD04BDE7CA}.Debug|Any CPU.Build.0 = Debug|Any CPU
		{BF335C33-3281-4DD6-9673-7BCD04BDE7CA}.Release|Any CPU.ActiveCfg = Release|Any CPU
		{BF335C33-3281-4DD6-9673-7BCD04BDE7CA}.Release|Any CPU.Build.0 = Release|Any CPU
		{E18AF15B-3624-4435-86AD-F2D909798102}.Debug|Any CPU.ActiveCfg = Debug|Any CPU
		{E18AF15B-3624-4435-86AD-F2D909798102}.Debug|Any CPU.Build.0 = Debug|Any CPU
		{E18AF15B-3624-4435-86AD-F2D909798102}.Release|Any CPU.ActiveCfg = Release|Any CPU
		{E18AF15B-3624-4435-86AD-F2D909798102}.Release|Any CPU.Build.0 = Release|Any CPU
		{825006C5-400B-4B62-BDE4-C921B160B571}.Debug|Any CPU.ActiveCfg = Debug|Any CPU
		{825006C5-400B-4B62-BDE4-C921B160B571}.Debug|Any CPU.Build.0 = Debug|Any CPU
		{825006C5-400B-4B62-BDE4-C921B160B571}.Release|Any CPU.ActiveCfg = Release|Any CPU
		{825006C5-400B-4B62-BDE4-C921B160B571}.Release|Any CPU.Build.0 = Release|Any CPU
		{97EE18F1-012A-4E98-A1FC-A5FE3B18BF60}.Debug|Any CPU.ActiveCfg = Debug|Any CPU
		{97EE18F1-012A-4E98-A1FC-A5FE3B18BF60}.Debug|Any CPU.Build.0 = Debug|Any CPU
		{97EE18F1-012A-4E98-A1FC-A5FE3B18BF60}.Release|Any CPU.ActiveCfg = Release|Any CPU
		{97EE18F1-012A-4E98-A1FC-A5FE3B18BF60}.Release|Any CPU.Build.0 = Release|Any CPU
	EndGlobalSection
	GlobalSection(SolutionProperties) = preSolution
		HideSolutionNode = FALSE
	EndGlobalSection
	GlobalSection(NestedProjects) = preSolution
		{97EE18F1-012A-4E98-A1FC-A5FE3B18BF60} = {925EF463-A330-4BD8-BBE6-F8EB78057465}
	EndGlobalSection
EndGlobal
